<?xml version="1.0" encoding="UTF-8" standalone="yes" ?>
<CodeBlocks_project_file>
	<FileVersion major="1" minor="6" />
	<Project>
		<Option title="DAQ" />
		<Option pch_mode="2" />
		<Option compiler="gcc" />
		<Build>
			<Target title="Debug">
				<Option output="bin/Debug/DAQ" prefix_auto="1" extension_auto="1" />
				<Option object_output="obj/Debug/" />
				<Option type="1" />
				<Option compiler="gcc" />
				<Compiler>
					<Add option="-O3" />
					<Add option="-g" />
					<Add option="-DDEBUG" />
				</Compiler>
				<Linker>
					<Add option="-lboost_date_time -lboost_system -lboost_thread -lpthread -lwiringPi" />
					<Add directory="/usr/lib" />
					<Add directory="/usr/include/boost" />
				</Linker>
			</Target>
			<Target title="Release">
				<Option output="bin/Release/DAQ" prefix_auto="1" extension_auto="1" />
				<Option object_output="obj/Release/" />
				<Option type="1" />
				<Option compiler="gcc" />
				<Compiler>
					<Add option="-O3" />
					<Add option="-DRELEASE" />
				</Compiler>
				<Linker>
					<Add option="-s" />
					<Add option="-lboost_date_time -lboost_system -lboost_thread -lpthread" />
				</Linker>
			</Target>
		</Build>
		<Compiler>
			<Add option="-Wall" />
			<Add option="-fexceptions" />
		</Compiler>
		<Unit filename="AnalogInput.cpp">
			<Option compilerVar="CC" />
		</Unit>
		<Unit filename="AnalogInput.h">
			<Option compile="1" />
		</Unit>
		<Unit filename="CSVOutputThread.cpp" />
		<Unit filename="CSVOutputThread.h" />
		<Unit filename="DAQConfig.xml" />
		<Unit filename="DataAcquisitionThread.cpp" />
		<Unit filename="DataAcquisitionThread.h" />
		<Unit filename="DataPushThread.cpp" />
		<Unit filename="DataPushThread.h" />
		<Unit filename="DigitalInput.cpp" />
		<Unit filename="DigitalInput.h" />
		<Unit filename="GPIOExpander.cpp" />
		<Unit filename="GPIOExpander.h" />
		<Unit filename="PinConfig.xml" />
		<Unit filename="SerialHubThread.cpp" />
		<Unit filename="SerialHubThread.h" />
		<Unit filename="connection.cpp" />
		<Unit filename="connection.hpp" />
		<Unit filename="i2cDevice.h" />
		<Unit filename="main.cpp" />
		<Unit filename="mcp_can.cpp" />
		<Unit filename="mcp_can.h" />
		<Unit filename="mcp_can_dfs.h" />
		<Unit filename="mlx90616.cpp" />
		<Unit filename="mlx90616.h" />
		<Unit filename="mpu6050.cpp" />
		<Unit filename="mpu6050.h" />
		<Unit filename="server.cpp" />
		<Unit filename="server.hpp" />
		<Unit filename="utils.cpp" />
		<Unit filename="utils.h" />
		<Extensions>
			<code_completion />
			<debugger />
			<envvars />
		</Extensions>
	</Project>
</CodeBlocks_project_file>
