<?xml version="1.0" encoding="UTF-8" standalone="yes" ?>
<CodeBlocks_project_file>
	<FileVersion major="1" minor="6" />
	<Project>
		<Option title="DAQ" />
		<Option pch_mode="2" />
		<Option compiler="gcc" />
		<Build>
			<Target title="Debug">
				<Option output="bin/Debug/DAQ" prefix_auto="1" extension_auto="1" />
				<Option object_output="obj/Debug/" />
				<Option type="1" />
				<Option compiler="gcc" />
				<Compiler>
					<Add option="-O3" />
					<Add option="-g" />
					<Add option="-DDEBUG" />
				</Compiler>
				<Linker>
					<Add option="-lboost_date_time -lboost_system -lboost_thread -lpthread" />
					<Add directory="/usr/lib" />
					<Add directory="/usr/include/boost" />
				</Linker>
			</Target>
			<Target title="Release">
				<Option output="bin/Release/DAQ" prefix_auto="1" extension_auto="1" />
				<Option object_output="obj/Release/" />
				<Option type="1" />
				<Option compiler="gcc" />
				<Compiler>
					<Add option="-O3" />
					<Add option="-DRELEASE" />
				</Compiler>
				<Linker>
					<Add option="-s" />
					<Add option="-lboost_date_time -lboost_system -lboost_thread -lpthread" />
				</Linker>
			</Target>
		</Build>
		<Compiler>
			<Add option="-Wall" />
			<Add option="-fexceptions" />
		</Compiler>
		<Unit filename="AnalogInput.cpp">
			<Option compilerVar="CC" />
		</Unit>
		<Unit filename="AnalogInput.h" />
		<Unit filename="DAQConfig.xml" />
		<Unit filename="DataHubThread.cpp" />
		<Unit filename="DataHubThread.h" />
		<Unit filename="DataLoggingThread.cpp" />
		<Unit filename="DataLoggingThread.h" />
		<Unit filename="DigitalInput.cpp" />
		<Unit filename="DigitalInput.h" />
		<Unit filename="PinConfig.xml" />
		<Unit filename="connection.cpp" />
		<Unit filename="connection.hpp" />
		<Unit filename="main.cpp" />
		<Unit filename="mcp_can.cpp" />
		<Unit filename="mcp_can.h" />
		<Unit filename="mcp_can_dfs.h" />
		<Unit filename="server.cpp" />
		<Unit filename="server.hpp" />
		<Unit filename="utils.cpp" />
		<Unit filename="utils.h" />
		<Extensions>
			<code_completion />
			<debugger />
			<envvars />
		</Extensions>
	</Project>
</CodeBlocks_project_file>
